
Microsoft Visual Studio Solution File, Format Version 12.00
# Visual Studio Version 17
VisualStudioVersion = 17.7.34031.279
MinimumVisualStudioVersion = 10.0.40219.1
Project("{2150E333-8FDC-42A3-9474-1A3956D46DE8}") = "Solution Items", "Solution Items", "{C0CC9DFC-4E67-40A5-B4C4-5205B211D109}"
	ProjectSection(SolutionItems) = preProject
		ArrangeActAssert.snippet = ArrangeActAssert.snippet
		README.md = README.md
		SolutionLayout.txt = SolutionLayout.txt
	EndProjectSection
EndProject
Project("{2150E333-8FDC-42A3-9474-1A3956D46DE8}") = "Common", "Common", "{2567C790-F438-4D64-93D3-EC8E1DA13332}"
EndProject
Project("{2150E333-8FDC-42A3-9474-1A3956D46DE8}") = "Database", "Database", "{56ED68B1-FB95-43FB-A1FE-BD421BB42A3D}"
EndProject
Project("{2150E333-8FDC-42A3-9474-1A3956D46DE8}") = "Domain", "Domain", "{121BD646-B6D2-497E-B6C9-3CC5185BF1ED}"
EndProject
Project("{2150E333-8FDC-42A3-9474-1A3956D46DE8}") = "WebService", "WebService", "{DC831FE4-1D08-43A1-BA2B-1F178226666D}"
EndProject
Project("{2150E333-8FDC-42A3-9474-1A3956D46DE8}") = "Testing", "Testing", "{B2CD6BB0-6444-46DD-86F6-5903B44E5FDA}"
EndProject
Project("{9A19103F-16F7-4668-BE54-9A1E7A4F7556}") = "GT.Common", "Common\GT.Common\GT.Common.csproj", "{D9B8DCE8-3F82-4235-BF8F-B18CAC1B1319}"
EndProject
Project("{00D1A9C2-B5F0-4AF3-8072-F6C62B433612}") = "GT.Database", "Database\GT.Database\GT.Database.sqlproj", "{0DAC7F57-C14D-4672-8089-AD112AB4AA71}"
EndProject
Project("{9A19103F-16F7-4668-BE54-9A1E7A4F7556}") = "GT.Domain", "Domain\GT.Domain\GT.Domain.csproj", "{544704B1-0A31-4619-8CEB-1CF7D510D468}"
EndProject
Project("{9A19103F-16F7-4668-BE54-9A1E7A4F7556}") = "GT.Web.Api", "WebService\GT.Web.Api\GT.Web.Api.csproj", "{8D5A3F84-0060-4062-B9B2-57FA11C1B998}"
EndProject
Project("{9A19103F-16F7-4668-BE54-9A1E7A4F7556}") = "GT.UnitTests", "Testing\GT.UnitTests\GT.UnitTests.csproj", "{49C756DE-ECE1-438E-B653-3027321AF0AE}"
EndProject
Global
	GlobalSection(SolutionConfigurationPlatforms) = preSolution
		Debug|Any CPU = Debug|Any CPU
		Release|Any CPU = Release|Any CPU
	EndGlobalSection
	GlobalSection(ProjectConfigurationPlatforms) = postSolution
		{D9B8DCE8-3F82-4235-BF8F-B18CAC1B1319}.Debug|Any CPU.ActiveCfg = Debug|Any CPU
		{D9B8DCE8-3F82-4235-BF8F-B18CAC1B1319}.Debug|Any CPU.Build.0 = Debug|Any CPU
		{D9B8DCE8-3F82-4235-BF8F-B18CAC1B1319}.Release|Any CPU.ActiveCfg = Release|Any CPU
		{D9B8DCE8-3F82-4235-BF8F-B18CAC1B1319}.Release|Any CPU.Build.0 = Release|Any CPU
		{0DAC7F57-C14D-4672-8089-AD112AB4AA71}.Debug|Any CPU.ActiveCfg = Debug|Any CPU
		{0DAC7F57-C14D-4672-8089-AD112AB4AA71}.Debug|Any CPU.Build.0 = Debug|Any CPU
		{0DAC7F57-C14D-4672-8089-AD112AB4AA71}.Debug|Any CPU.Deploy.0 = Debug|Any CPU
		{0DAC7F57-C14D-4672-8089-AD112AB4AA71}.Release|Any CPU.ActiveCfg = Release|Any CPU
		{0DAC7F57-C14D-4672-8089-AD112AB4AA71}.Release|Any CPU.Build.0 = Release|Any CPU
		{0DAC7F57-C14D-4672-8089-AD112AB4AA71}.Release|Any CPU.Deploy.0 = Release|Any CPU
		{544704B1-0A31-4619-8CEB-1CF7D510D468}.Debug|Any CPU.ActiveCfg = Debug|Any CPU
		{544704B1-0A31-4619-8CEB-1CF7D510D468}.Debug|Any CPU.Build.0 = Debug|Any CPU
		{544704B1-0A31-4619-8CEB-1CF7D510D468}.Release|Any CPU.ActiveCfg = Release|Any CPU
		{544704B1-0A31-4619-8CEB-1CF7D510D468}.Release|Any CPU.Build.0 = Release|Any CPU
		{8D5A3F84-0060-4062-B9B2-57FA11C1B998}.Debug|Any CPU.ActiveCfg = Debug|Any CPU
		{8D5A3F84-0060-4062-B9B2-57FA11C1B998}.Debug|Any CPU.Build.0 = Debug|Any CPU
		{8D5A3F84-0060-4062-B9B2-57FA11C1B998}.Release|Any CPU.ActiveCfg = Release|Any CPU
		{8D5A3F84-0060-4062-B9B2-57FA11C1B998}.Release|Any CPU.Build.0 = Release|Any CPU
		{49C756DE-ECE1-438E-B653-3027321AF0AE}.Debug|Any CPU.ActiveCfg = Debug|Any CPU
		{49C756DE-ECE1-438E-B653-3027321AF0AE}.Debug|Any CPU.Build.0 = Debug|Any CPU
		{49C756DE-ECE1-438E-B653-3027321AF0AE}.Release|Any CPU.ActiveCfg = Release|Any CPU
		{49C756DE-ECE1-438E-B653-3027321AF0AE}.Release|Any CPU.Build.0 = Release|Any CPU
	EndGlobalSection
	GlobalSection(SolutionProperties) = preSolution
		HideSolutionNode = FALSE
	EndGlobalSection
	GlobalSection(NestedProjects) = preSolution
		{D9B8DCE8-3F82-4235-BF8F-B18CAC1B1319} = {2567C790-F438-4D64-93D3-EC8E1DA13332}
		{0DAC7F57-C14D-4672-8089-AD112AB4AA71} = {56ED68B1-FB95-43FB-A1FE-BD421BB42A3D}
		{544704B1-0A31-4619-8CEB-1CF7D510D468} = {121BD646-B6D2-497E-B6C9-3CC5185BF1ED}
		{8D5A3F84-0060-4062-B9B2-57FA11C1B998} = {DC831FE4-1D08-43A1-BA2B-1F178226666D}
		{49C756DE-ECE1-438E-B653-3027321AF0AE} = {B2CD6BB0-6444-46DD-86F6-5903B44E5FDA}
	EndGlobalSection
	GlobalSection(ExtensibilityGlobals) = postSolution
		SolutionGuid = {3889DE26-DCD8-4D71-B874-8B093FF28787}
	EndGlobalSection
EndGlobal
