
Microsoft Visual Studio Solution File, Format Version 12.00
# Visual Studio Version 16
VisualStudioVersion = 16.0.30523.141
MinimumVisualStudioVersion = 10.0.40219.1
Project("{9A19103F-16F7-4668-BE54-9A1E7A4F7556}") = "GT.Web.Api", "WebService\GT.Web.Api\GT.Web.Api.csproj", "{C8A99E89-BC9E-4322-9EFD-60A1E267979B}"
EndProject
Project("{2150E333-8FDC-42A3-9474-1A3956D46DE8}") = "Database", "Database", "{1EAC2271-2BF8-433F-A2C4-140BCDDD9022}"
EndProject
Project("{2150E333-8FDC-42A3-9474-1A3956D46DE8}") = "Domain", "Domain", "{126C96E3-053B-4A75-805C-C2EC10741AED}"
EndProject
Project("{2150E333-8FDC-42A3-9474-1A3956D46DE8}") = "WebService", "WebService", "{27080DD0-5661-4DCB-8A09-1AD7EA668905}"
EndProject
Project("{9A19103F-16F7-4668-BE54-9A1E7A4F7556}") = "GT.Domain", "Domain\GT.Domain\GT.Domain.csproj", "{A664FD41-D9C7-4C37-920A-9EA0E8E68EE8}"
EndProject
Project("{2150E333-8FDC-42A3-9474-1A3956D46DE8}") = "Solution Items", "Solution Items", "{C6EE4532-247E-4630-BE5C-2D6D13850E18}"
	ProjectSection(SolutionItems) = preProject
		ArrangeActAssert.snippet = ArrangeActAssert.snippet
		README.md = README.md
		SolutionLayout.txt = SolutionLayout.txt
	EndProjectSection
EndProject
Project("{00D1A9C2-B5F0-4AF3-8072-F6C62B433612}") = "GT.Database", "Database\GT.Database\GT.Database.sqlproj", "{0DAC7F57-C14D-4672-8089-AD112AB4AA71}"
EndProject
Project("{2150E333-8FDC-42A3-9474-1A3956D46DE8}") = "Testing", "Testing", "{EB9489D4-7A5E-4502-ADDE-289080FF6A7C}"
EndProject
Project("{9A19103F-16F7-4668-BE54-9A1E7A4F7556}") = "GT.UnitTests", "Testing\GT.UnitTests\GT.UnitTests.csproj", "{FE7592B4-A0DD-4A75-B9C4-715EA1625B0D}"
EndProject
Project("{2150E333-8FDC-42A3-9474-1A3956D46DE8}") = "Common", "Common", "{13BAE1C8-7704-4CF8-A968-0A0628D4D890}"
EndProject
Project("{FAE04EC0-301F-11D3-BF4B-00C04F79EFBC}") = "GT.Common", "Common\GT.Common\GT.Common.csproj", "{6E015197-7A37-4981-9BE1-ECE66297F59B}"
EndProject
Global
	GlobalSection(SolutionConfigurationPlatforms) = preSolution
		Debug|Any CPU = Debug|Any CPU
		Release|Any CPU = Release|Any CPU
	EndGlobalSection
	GlobalSection(ProjectConfigurationPlatforms) = postSolution
		{C8A99E89-BC9E-4322-9EFD-60A1E267979B}.Debug|Any CPU.ActiveCfg = Debug|Any CPU
		{C8A99E89-BC9E-4322-9EFD-60A1E267979B}.Debug|Any CPU.Build.0 = Debug|Any CPU
		{C8A99E89-BC9E-4322-9EFD-60A1E267979B}.Release|Any CPU.ActiveCfg = Release|Any CPU
		{C8A99E89-BC9E-4322-9EFD-60A1E267979B}.Release|Any CPU.Build.0 = Release|Any CPU
		{A664FD41-D9C7-4C37-920A-9EA0E8E68EE8}.Debug|Any CPU.ActiveCfg = Debug|Any CPU
		{A664FD41-D9C7-4C37-920A-9EA0E8E68EE8}.Debug|Any CPU.Build.0 = Debug|Any CPU
		{A664FD41-D9C7-4C37-920A-9EA0E8E68EE8}.Release|Any CPU.ActiveCfg = Release|Any CPU
		{A664FD41-D9C7-4C37-920A-9EA0E8E68EE8}.Release|Any CPU.Build.0 = Release|Any CPU
		{0DAC7F57-C14D-4672-8089-AD112AB4AA71}.Debug|Any CPU.ActiveCfg = Debug|Any CPU
		{0DAC7F57-C14D-4672-8089-AD112AB4AA71}.Debug|Any CPU.Deploy.0 = Debug|Any CPU
		{0DAC7F57-C14D-4672-8089-AD112AB4AA71}.Release|Any CPU.ActiveCfg = Release|Any CPU
		{0DAC7F57-C14D-4672-8089-AD112AB4AA71}.Release|Any CPU.Deploy.0 = Release|Any CPU
		{FE7592B4-A0DD-4A75-B9C4-715EA1625B0D}.Debug|Any CPU.ActiveCfg = Debug|Any CPU
		{FE7592B4-A0DD-4A75-B9C4-715EA1625B0D}.Debug|Any CPU.Build.0 = Debug|Any CPU
		{FE7592B4-A0DD-4A75-B9C4-715EA1625B0D}.Release|Any CPU.ActiveCfg = Release|Any CPU
		{FE7592B4-A0DD-4A75-B9C4-715EA1625B0D}.Release|Any CPU.Build.0 = Release|Any CPU
		{6E015197-7A37-4981-9BE1-ECE66297F59B}.Debug|Any CPU.ActiveCfg = Debug|Any CPU
		{6E015197-7A37-4981-9BE1-ECE66297F59B}.Debug|Any CPU.Build.0 = Debug|Any CPU
		{6E015197-7A37-4981-9BE1-ECE66297F59B}.Release|Any CPU.ActiveCfg = Release|Any CPU
		{6E015197-7A37-4981-9BE1-ECE66297F59B}.Release|Any CPU.Build.0 = Release|Any CPU
	EndGlobalSection
	GlobalSection(SolutionProperties) = preSolution
		HideSolutionNode = FALSE
	EndGlobalSection
	GlobalSection(NestedProjects) = preSolution
		{C8A99E89-BC9E-4322-9EFD-60A1E267979B} = {27080DD0-5661-4DCB-8A09-1AD7EA668905}
		{A664FD41-D9C7-4C37-920A-9EA0E8E68EE8} = {126C96E3-053B-4A75-805C-C2EC10741AED}
		{0DAC7F57-C14D-4672-8089-AD112AB4AA71} = {1EAC2271-2BF8-433F-A2C4-140BCDDD9022}
		{FE7592B4-A0DD-4A75-B9C4-715EA1625B0D} = {EB9489D4-7A5E-4502-ADDE-289080FF6A7C}
		{6E015197-7A37-4981-9BE1-ECE66297F59B} = {13BAE1C8-7704-4CF8-A968-0A0628D4D890}
	EndGlobalSection
	GlobalSection(ExtensibilityGlobals) = postSolution
		SolutionGuid = {F1B4D193-A7C9-4E57-9FC2-D30EF49FEFBF}
	EndGlobalSection
EndGlobal
